Microsoft Visual Studio Solution File, Format Version 12.00
# Visual Studio Version 17
VisualStudioVersion = 17.6.33815.320
MinimumVisualStudioVersion = 10.0.40219.1
Project("{9A19103F-16F7-4668-BE54-9A1E7A4F7556}") = "ARVTech.Shared", "src\ARVTech.Shared.csproj", "{D087ADC2-B87F-4047-8BF8-4F7992003E98}"
EndProject
Global
	GlobalSection(SolutionConfigurationPlatforms) = preSolution
		Debug|Any CPU = Debug|Any CPU
		Release|Any CPU = Release|Any CPU
	EndGlobalSection
	GlobalSection(ProjectConfigurationPlatforms) = postSolution
		{D087ADC2-B87F-4047-8BF8-4F7992003E98}.Debug|Any CPU.ActiveCfg = Debug|Any CPU
		{D087ADC2-B87F-4047-8BF8-4F7992003E98}.Debug|Any CPU.Build.0 = Debug|Any CPU
		{D087ADC2-B87F-4047-8BF8-4F7992003E98}.Release|Any CPU.ActiveCfg = Release|Any CPU
		{D087ADC2-B87F-4047-8BF8-4F7992003E98}.Release|Any CPU.Build.0 = Release|Any CPU
	EndGlobalSection
	GlobalSection(SolutionProperties) = preSolution
		HideSolutionNode = FALSE
	EndGlobalSection
	GlobalSection(ExtensibilityGlobals) = postSolution
		SolutionGuid = 3d244dc6-92a8-4211-8282-5259147da234
	EndGlobalSection
EndGlobal
